
Microsoft Visual Studio Solution File, Format Version 12.00
# Visual Studio 15
VisualStudioVersion = 15.0.28307.1684
MinimumVisualStudioVersion = 10.0.40219.1
Project("{8BC9CEB8-8B4A-11D0-8D11-00A0C91BC942}") = "POO_4_Polygone_recursif", "POO_4_Polygone_recursif\POO_4_Polygone_recursif.vcxproj", "{AE676577-8A0F-4119-8B02-A311F7FF51EB}"
EndProject
Global
	GlobalSection(SolutionConfigurationPlatforms) = preSolution
		Debug|x64 = Debug|x64
		Debug|x86 = Debug|x86
		Release|x64 = Release|x64
		Release|x86 = Release|x86
	EndGlobalSection
	GlobalSection(ProjectConfigurationPlatforms) = postSolution
		{AE676577-8A0F-4119-8B02-A311F7FF51EB}.Debug|x64.ActiveCfg = Debug|x64
		{AE676577-8A0F-4119-8B02-A311F7FF51EB}.Debug|x64.Build.0 = Debug|x64
		{AE676577-8A0F-4119-8B02-A311F7FF51EB}.Debug|x86.ActiveCfg = Debug|Win32
		{AE676577-8A0F-4119-8B02-A311F7FF51EB}.Debug|x86.Build.0 = Debug|Win32
		{AE676577-8A0F-4119-8B02-A311F7FF51EB}.Release|x64.ActiveCfg = Release|x64
		{AE676577-8A0F-4119-8B02-A311F7FF51EB}.Release|x64.Build.0 = Release|x64
		{AE676577-8A0F-4119-8B02-A311F7FF51EB}.Release|x86.ActiveCfg = Release|Win32
		{AE676577-8A0F-4119-8B02-A311F7FF51EB}.Release|x86.Build.0 = Release|Win32
	EndGlobalSection
	GlobalSection(SolutionProperties) = preSolution
		HideSolutionNode = FALSE
	EndGlobalSection
	GlobalSection(ExtensibilityGlobals) = postSolution
		SolutionGuid = {A0BB2460-3676-4688-8CF8-D82D83BF12C6}
	EndGlobalSection
EndGlobal
