
Microsoft Visual Studio Solution File, Format Version 12.00
# Visual Studio 15
VisualStudioVersion = 15.0.28307.1684
MinimumVisualStudioVersion = 10.0.40219.1
Project("{8BC9CEB8-8B4A-11D0-8D11-00A0C91BC942}") = "POO_2_Cercle", "POO_2_Cercle\POO_2_Cercle.vcxproj", "{8DF46AD1-A51E-4EC3-B233-D1F88699EEEA}"
EndProject
Global
	GlobalSection(SolutionConfigurationPlatforms) = preSolution
		Debug|x64 = Debug|x64
		Debug|x86 = Debug|x86
		Release|x64 = Release|x64
		Release|x86 = Release|x86
	EndGlobalSection
	GlobalSection(ProjectConfigurationPlatforms) = postSolution
		{8DF46AD1-A51E-4EC3-B233-D1F88699EEEA}.Debug|x64.ActiveCfg = Debug|x64
		{8DF46AD1-A51E-4EC3-B233-D1F88699EEEA}.Debug|x64.Build.0 = Debug|x64
		{8DF46AD1-A51E-4EC3-B233-D1F88699EEEA}.Debug|x86.ActiveCfg = Debug|Win32
		{8DF46AD1-A51E-4EC3-B233-D1F88699EEEA}.Debug|x86.Build.0 = Debug|Win32
		{8DF46AD1-A51E-4EC3-B233-D1F88699EEEA}.Release|x64.ActiveCfg = Release|x64
		{8DF46AD1-A51E-4EC3-B233-D1F88699EEEA}.Release|x64.Build.0 = Release|x64
		{8DF46AD1-A51E-4EC3-B233-D1F88699EEEA}.Release|x86.ActiveCfg = Release|Win32
		{8DF46AD1-A51E-4EC3-B233-D1F88699EEEA}.Release|x86.Build.0 = Release|Win32
	EndGlobalSection
	GlobalSection(SolutionProperties) = preSolution
		HideSolutionNode = FALSE
	EndGlobalSection
	GlobalSection(ExtensibilityGlobals) = postSolution
		SolutionGuid = {867D4FE0-2DAD-4353-B6D7-31F29B43451E}
	EndGlobalSection
EndGlobal
